{
  "name": "polyflow",
  "version": "0.1.0",
  "lockfileVersion": 3,
  "requires": true,
  "packages": {
    "": {
      "name": "polyflow",
      "version": "0.1.0",
      "license": "Apache-2.0",
      "dependencies": {
        "@cognitive-fab/sam-pattern": "^2.2.0"
      },
      "bin": {
        "polyflow-mcp": "bin/polyflow-mcp.mjs"
      }
    },
    "node_modules/@cognitive-fab/sam-pattern": {
      "version": "2.2.1",
      "resolved": "https://registry.npmjs.org/@cognitive-fab/sam-pattern/-/sam-pattern-2.2.1.tgz",
      "integrity": "sha512-+TTGJT4k48HG52fWxEDXWoFZs3lILoBKo+YtnQ/b8NvRSdKmnsRfnZeZtFb9n9O3AKd6uVL8FhKxqbQAwIFr/g==",
      "license": "ISC"
    }
  }
}
